
Microsoft Visual Studio Solution File, Format Version 12.00
# Visual Studio Version 16
VisualStudioVersion = 16.0.30503.244
MinimumVisualStudioVersion = 10.0.40219.1
Project("{FAE04EC0-301F-11D3-BF4B-00C04F79EFBC}") = "Propriedades_e_OperacoesComDateTime", "Propriedades_e_OperacoesComDateTime\Propriedades_e_OperacoesComDateTime.csproj", "{EC81E56F-7817-4D15-8303-21185D4A7FF8}"
EndProject
Global
	GlobalSection(SolutionConfigurationPlatforms) = preSolution
		Debug|Any CPU = Debug|Any CPU
		Release|Any CPU = Release|Any CPU
	EndGlobalSection
	GlobalSection(ProjectConfigurationPlatforms) = postSolution
		{EC81E56F-7817-4D15-8303-21185D4A7FF8}.Debug|Any CPU.ActiveCfg = Debug|Any CPU
		{EC81E56F-7817-4D15-8303-21185D4A7FF8}.Debug|Any CPU.Build.0 = Debug|Any CPU
		{EC81E56F-7817-4D15-8303-21185D4A7FF8}.Release|Any CPU.ActiveCfg = Release|Any CPU
		{EC81E56F-7817-4D15-8303-21185D4A7FF8}.Release|Any CPU.Build.0 = Release|Any CPU
	EndGlobalSection
	GlobalSection(SolutionProperties) = preSolution
		HideSolutionNode = FALSE
	EndGlobalSection
	GlobalSection(ExtensibilityGlobals) = postSolution
		SolutionGuid = {BE231B0B-0D78-439B-A0B0-EBE326F135F5}
	EndGlobalSection
EndGlobal
